
Microsoft Visual Studio Solution File, Format Version 12.00
# Visual Studio Version 17
VisualStudioVersion = 17.2.32505.173
MinimumVisualStudioVersion = 10.0.40219.1
Project("{9A19103F-16F7-4668-BE54-9A1E7A4F7556}") = "CsBuilder", "CsBuilder\CsBuilder.csproj", "{9ACF326D-AB6F-4DA8-A8DA-4F00C9092F97}"
EndProject
Project("{FAE04EC0-301F-11D3-BF4B-00C04F79EFBC}") = "CsBuilder.Test", "CsBuilder.Test\CsBuilder.Test.csproj", "{3D7E4448-3686-468C-B8B8-E1DFC0E78E60}"
EndProject
Global
	GlobalSection(SolutionConfigurationPlatforms) = preSolution
		Debug|Any CPU = Debug|Any CPU
		Release|Any CPU = Release|Any CPU
	EndGlobalSection
	GlobalSection(ProjectConfigurationPlatforms) = postSolution
		{9ACF326D-AB6F-4DA8-A8DA-4F00C9092F97}.Debug|Any CPU.ActiveCfg = Debug|Any CPU
		{9ACF326D-AB6F-4DA8-A8DA-4F00C9092F97}.Debug|Any CPU.Build.0 = Debug|Any CPU
		{9ACF326D-AB6F-4DA8-A8DA-4F00C9092F97}.Release|Any CPU.ActiveCfg = Release|Any CPU
		{9ACF326D-AB6F-4DA8-A8DA-4F00C9092F97}.Release|Any CPU.Build.0 = Release|Any CPU
		{3D7E4448-3686-468C-B8B8-E1DFC0E78E60}.Debug|Any CPU.ActiveCfg = Debug|Any CPU
		{3D7E4448-3686-468C-B8B8-E1DFC0E78E60}.Debug|Any CPU.Build.0 = Debug|Any CPU
		{3D7E4448-3686-468C-B8B8-E1DFC0E78E60}.Release|Any CPU.ActiveCfg = Release|Any CPU
		{3D7E4448-3686-468C-B8B8-E1DFC0E78E60}.Release|Any CPU.Build.0 = Release|Any CPU
	EndGlobalSection
	GlobalSection(SolutionProperties) = preSolution
		HideSolutionNode = FALSE
	EndGlobalSection
	GlobalSection(ExtensibilityGlobals) = postSolution
		SolutionGuid = {1B08061C-BE32-4600-9194-59383E65F5C5}
	EndGlobalSection
EndGlobal
